PODS:
  - Alamofire (5.2.1)
  - CRuntime (2.1.2)
  - FaveButton (3.2.1)
  - QuickLayout (3.0.0)
  - Realm (4.3.0):
    - Realm/Headers (= 4.3.0)
  - Realm/Headers (4.3.0)
  - RealmSwift (4.3.0):
    - Realm (= 4.3.0)
  - Runtime (2.1.0):
    - CRuntime
  - SwiftEntryKit (1.2.3):
    - QuickLayout (= 3.0.0)
  - SwiftyJSON (5.0.0)
  - Unrealm (1.0.1):
    - RealmSwift (= 4.3.0)
    - Runtime (= 2.1.0)
  - ViewAnimator (2.7.0)

DEPENDENCIES:
  - Alamofire
  - FaveButton
  - RealmSwift
  - SwiftEntryKit
  - SwiftyJSON
  - Unrealm
  - ViewAnimator

SPEC REPOS:
  trunk:
    - Alamofire
    - CRuntime
    - FaveButton
    - QuickLayout
    - Realm
    - RealmSwift
    - Runtime
    - SwiftEntryKit
    - SwiftyJSON
    - Unrealm
    - ViewAnimator

SPEC CHECKSUMS:
  Alamofire: e911732990610fe89af59ac0077f923d72dc3dfd
  CRuntime: d7ae373e07ab36e92ad273259557e3817e0c214b
  FaveButton: 93cfebf6030336fa7653fad2068c3152ed668b39
  QuickLayout: 07b45a72b10083fee3f095990cfed1c1e7b27f0a
  Realm: 9357c3589555793e1860a7104a7412bca4a48d99
  RealmSwift: 402f1e379a8ef82c635313037b043f0f06de880c
  Runtime: 3e42815d18fa3075631768e79f02be2ad7e2b18f
  SwiftEntryKit: 340713c2e4a6662c5149629990bf1088bf5f0389
  SwiftyJSON: 36413e04c44ee145039d332b4f4e2d3e8d6c4db7
  Unrealm: 3f3ceac8056952d029d8cfe4688935b99e2f6de6
  ViewAnimator: 5af1c6f3b310f012bf081259c43717aa54fbae73

PODFILE CHECKSUM: b0e9a14376f7f385f62be9203dc81d707abe3374

COCOAPODS: 1.8.4
